// !$*UTF8*$!
{
	archiveVersion = 1;
	classes = {
	};
	objectVersion = 46;
	objects = {

/* Begin PBXBuildFile section */
		25DD8FE71D5D7C6E001133C8 /* main.m in Sources */ = {isa = PBXBuildFile; fileRef = 25DD8FE61D5D7C6E001133C8 /* main.m */; };
		25DD8FEA1D5D7C6E001133C8 /* AppDelegate.m in Sources */ = {isa = PBXBuildFile; fileRef = 25DD8FE91D5D7C6E001133C8 /* AppDelegate.m */; };
		25DD8FED1D5D7C6E001133C8 /* ViewController.m in Sources */ = {isa = PBXBuildFile; fileRef = 25DD8FEC1D5D7C6E001133C8 /* ViewController.m */; };
		25DD8FF01D5D7C6E001133C8 /* Main.storyboard in Resources */ = {isa = PBXBuildFile; fileRef = 25DD8FEE1D5D7C6E001133C8 /* Main.storyboard */; };
		25DD8FF21D5D7C6E001133C8 /* Assets.xcassets in Resources */ = {isa = PBXBuildFile; fileRef = 25DD8FF11D5D7C6E001133C8 /* Assets.xcassets */; };
		25DD8FF51D5D7C6E001133C8 /* LaunchScreen.storyboard in Resources */ = {isa = PBXBuildFile; fileRef = 25DD8FF31D5D7C6E001133C8 /* LaunchScreen.storyboard */; };
		25DD8FFE1D5D7CAF001133C8 /* SecondViewController.m in Sources */ = {isa = PBXBuildFile; fileRef = 25DD8FFD1D5D7CAF001133C8 /* SecondViewController.m */; };
		25DD90011D5DA3F2001133C8 /* ThirdViewController.swift in Sources */ = {isa = PBXBuildFile; fileRef = 25DD90001D5DA3F2001133C8 /* ThirdViewController.swift */; };
		25DD90041D5DC372001133C8 /* UIButton+Block.m in Sources */ = {isa = PBXBuildFile; fileRef = 25DD90031D5DC372001133C8 /* UIButton+Block.m */; };
/* End PBXBuildFile section */

/* Begin PBXFileReference section */
		25DD8FE21D5D7C6E001133C8 /* OC-Swift.app */ = {isa = PBXFileReference; explicitFileType = wrapper.application; includeInIndex = 0; path = "OC-Swift.app"; sourceTree = BUILT_PRODUCTS_DIR; };
		25DD8FE61D5D7C6E001133C8 /* main.m */ = {isa = PBXFileReference; lastKnownFileType = sourcecode.c.objc; path = main.m; sourceTree = "<group>"; };
		25DD8FE81D5D7C6E001133C8 /* AppDelegate.h */ = {isa = PBXFileReference; lastKnownFileType = sourcecode.c.h; path = AppDelegate.h; sourceTree = "<group>"; };
		25DD8FE91D5D7C6E001133C8 /* AppDelegate.m */ = {isa = PBXFileReference; lastKnownFileType = sourcecode.c.objc; path = AppDelegate.m; sourceTree = "<group>"; };
		25DD8FEB1D5D7C6E001133C8 /* ViewController.h */ = {isa = PBXFileReference; lastKnownFileType = sourcecode.c.h; path = ViewController.h; sourceTree = "<group>"; };
		25DD8FEC1D5D7C6E001133C8 /* ViewController.m */ = {isa = PBXFileReference; lastKnownFileType = sourcecode.c.objc; path = ViewController.m; sourceTree = "<group>"; };
		25DD8FEF1D5D7C6E001133C8 /* Base */ = {isa = PBXFileReference; lastKnownFileType = file.storyboard; name = Base; path = Base.lproj/Main.storyboard; sourceTree = "<group>"; };
		25DD8FF11D5D7C6E001133C8 /* Assets.xcassets */ = {isa = PBXFileReference; lastKnownFileType = folder.assetcatalog; path = Assets.xcassets; sourceTree = "<group>"; };
		25DD8FF41D5D7C6E001133C8 /* Base */ = {isa = PBXFileReference; lastKnownFileType = file.storyboard; name = Base; path = Base.lproj/LaunchScreen.storyboard; sourceTree = "<group>"; };
		25DD8FF61D5D7C6E001133C8 /* Info.plist */ = {isa = PBXFileReference; lastKnownFileType = text.plist.xml; path = Info.plist; sourceTree = "<group>"; };
		25DD8FFC1D5D7CAF001133C8 /* SecondViewController.h */ = {isa = PBXFileReference; fileEncoding = 4; lastKnownFileType = sourcecode.c.h; path = SecondViewController.h; sourceTree = "<group>"; };
		25DD8FFD1D5D7CAF001133C8 /* SecondViewController.m */ = {isa = PBXFileReference; fileEncoding = 4; lastKnownFileType = sourcecode.c.objc; path = SecondViewController.m; sourceTree = "<group>"; };
		25DD8FFF1D5DA3F2001133C8 /* OC-Swift-Bridging-Header.h */ = {isa = PBXFileReference; lastKnownFileType = sourcecode.c.h; path = "OC-Swift-Bridging-Header.h"; sourceTree = "<group>"; };
		25DD90001D5DA3F2001133C8 /* ThirdViewController.swift */ = {isa = PBXFileReference; fileEncoding = 4; lastKnownFileType = sourcecode.swift; path = ThirdViewController.swift; sourceTree = "<group>"; };
		25DD90021D5DC372001133C8 /* UIButton+Block.h */ = {isa = PBXFileReference; fileEncoding = 4; lastKnownFileType = sourcecode.c.h; path = "UIButton+Block.h"; sourceTree = "<group>"; };
		25DD90031D5DC372001133C8 /* UIButton+Block.m */ = {isa = PBXFileReference; fileEncoding = 4; lastKnownFileType = sourcecode.c.objc; path = "UIButton+Block.m"; sourceTree = "<group>"; };
/* End PBXFileReference section */

/* Begin PBXFrameworksBuildPhase section */
		25DD8FDF1D5D7C6E001133C8 /* Frameworks */ = {
			isa = PBXFrameworksBuildPhase;
			buildActionMask = 2147483647;
			files = (
			);
			runOnlyForDeploymentPostprocessing = 0;
		};
/* End PBXFrameworksBuildPhase section */

/* Begin PBXGroup section */
		25DD8FD91D5D7C6E001133C8 = {
			isa = PBXGroup;
			children = (
				25DD8FE41D5D7C6E001133C8 /* OC-Swift */,
				25DD8FE31D5D7C6E001133C8 /* Products */,
			);
			sourceTree = "<group>";
		};
		25DD8FE31D5D7C6E001133C8 /* Products */ = {
			isa = PBXGroup;
			children = (
				25DD8FE21D5D7C6E001133C8 /* OC-Swift.app */,
			);
			name = Products;
			sourceTree = "<group>";
		};
		25DD8FE41D5D7C6E001133C8 /* OC-Swift */ = {
			isa = PBXGroup;
			children = (
				25DD90021D5DC372001133C8 /* UIButton+Block.h */,
				25DD90031D5DC372001133C8 /* UIButton+Block.m */,
				25DD8FE81D5D7C6E001133C8 /* AppDelegate.h */,
				25DD8FE91D5D7C6E001133C8 /* AppDelegate.m */,
				25DD8FEB1D5D7C6E001133C8 /* ViewController.h */,
				25DD8FEC1D5D7C6E001133C8 /* ViewController.m */,
				25DD8FFC1D5D7CAF001133C8 /* SecondViewController.h */,
				25DD8FFD1D5D7CAF001133C8 /* SecondViewController.m */,
				25DD90001D5DA3F2001133C8 /* ThirdViewController.swift */,
				25DD8FEE1D5D7C6E001133C8 /* Main.storyboard */,
				25DD8FF11D5D7C6E001133C8 /* Assets.xcassets */,
				25DD8FF31D5D7C6E001133C8 /* LaunchScreen.storyboard */,
				25DD8FF61D5D7C6E001133C8 /* Info.plist */,
				25DD8FE51D5D7C6E001133C8 /* Supporting Files */,
				25DD8FFF1D5DA3F2001133C8 /* OC-Swift-Bridging-Header.h */,
			);
			path = "OC-Swift";
			sourceTree = "<group>";
		};
		25DD8FE51D5D7C6E001133C8 /* Supporting Files */ = {
			isa = PBXGroup;
			children = (
				25DD8FE61D5D7C6E001133C8 /* main.m */,
			);
			name = "Supporting Files";
			sourceTree = "<group>";
		};
/* End PBXGroup section */

/* Begin PBXNativeTarget section */
		25DD8FE11D5D7C6E001133C8 /* OC-Swift */ = {
			isa = PBXNativeTarget;
			buildConfigurationList = 25DD8FF91D5D7C6E001133C8 /* Build configuration list for PBXNativeTarget "OC-Swift" */;
			buildPhases = (
				25DD8FDE1D5D7C6E001133C8 /* Sources */,
				25DD8FDF1D5D7C6E001133C8 /* Frameworks */,
				25DD8FE01D5D7C6E001133C8 /* Resources */,
			);
			buildRules = (
			);
			dependencies = (
			);
			name = "OC-Swift";
			productName = "OC-Swift";
			productReference = 25DD8FE21D5D7C6E001133C8 /* OC-Swift.app */;
			productType = "com.apple.product-type.application";
		};
/* End PBXNativeTarget section */

/* Begin PBXProject section */
		25DD8FDA1D5D7C6E001133C8 /* Project object */ = {
			isa = PBXProject;
			attributes = {
				LastUpgradeCheck = 0730;
				ORGANIZATIONNAME = "Liu Zhao";
				TargetAttributes = {
					25DD8FE11D5D7C6E001133C8 = {
						CreatedOnToolsVersion = 7.3.1;
					};
				};
			};
			buildConfigurationList = 25DD8FDD1D5D7C6E001133C8 /* Build configuration list for PBXProject "OC-Swift" */;
			compatibilityVersion = "Xcode 3.2";
			developmentRegion = English;
			hasScannedForEncodings = 0;
			knownRegions = (
				en,
				Base,
			);
			mainGroup = 25DD8FD91D5D7C6E001133C8;
			productRefGroup = 25DD8FE31D5D7C6E001133C8 /* Products */;
			projectDirPath = "";
			projectRoot = "";
			targets = (
				25DD8FE11D5D7C6E001133C8 /* OC-Swift */,
			);
		};
/* End PBXProject section */

/* Begin PBXResourcesBuildPhase section */
		25DD8FE01D5D7C6E001133C8 /* Resources */ = {
			isa = PBXResourcesBuildPhase;
			buildActionMask = 2147483647;
			files = (
				25DD8FF51D5D7C6E001133C8 /* LaunchScreen.storyboard in Resources */,
				25DD8FF21D5D7C6E001133C8 /* Assets.xcassets in Resources */,
				25DD8FF01D5D7C6E001133C8 /* Main.storyboard in Resources */,
			);
			runOnlyForDeploymentPostprocessing = 0;
		};
/* End PBXResourcesBuildPhase section */

/* Begin PBXSourcesBuildPhase section */
		25DD8FDE1D5D7C6E001133C8 /* Sources */ = {
			isa = PBXSourcesBuildPhase;
			buildActionMask = 2147483647;
			files = (
				25DD8FFE1D5D7CAF001133C8 /* SecondViewController.m in Sources */,
				25DD8FED1D5D7C6E001133C8 /* ViewController.m in Sources */,
				25DD90011D5DA3F2001133C8 /* ThirdViewController.swift in Sources */,
				25DD90041D5DC372001133C8 /* UIButton+Block.m in Sources */,
				25DD8FEA1D5D7C6E001133C8 /* AppDelegate.m in Sources */,
				25DD8FE71D5D7C6E001133C8 /* main.m in Sources */,
			);
			runOnlyForDeploymentPostprocessing = 0;
		};
/* End PBXSourcesBuildPhase section */

/* Begin PBXVariantGroup section */
		25DD8FEE1D5D7C6E001133C8 /* Main.storyboard */ = {
			isa = PBXVariantGroup;
			children = (
				25DD8FEF1D5D7C6E001133C8 /* Base */,
			);
			name = Main.storyboard;
			sourceTree = "<group>";
		};
		25DD8FF31D5D7C6E001133C8 /* LaunchScreen.storyboard */ = {
			isa = PBXVariantGroup;
			children = (
				25DD8FF41D5D7C6E001133C8 /* Base */,
			);
			name = LaunchScreen.storyboard;
			sourceTree = "<group>";
		};
/* End PBXVariantGroup section */

/* Begin XCBuildConfiguration section */
		25DD8FF71D5D7C6E001133C8 /* Debug */ = {
			isa = XCBuildConfiguration;
			buildSettings = {
				ALWAYS_SEARCH_USER_PATHS = NO;
				CLANG_ANALYZER_NONNULL = YES;
				CLANG_CXX_LANGUAGE_STANDARD = "gnu++0x";
				CLANG_CXX_LIBRARY = "libc++";
				CLANG_ENABLE_MODULES = YES;
				CLANG_ENABLE_OBJC_ARC = YES;
				CLANG_WARN_BOOL_CONVERSION = YES;
				CLANG_WARN_CONSTANT_CONVERSION = YES;
				CLANG_WARN_DIRECT_OBJC_ISA_USAGE = YES_ERROR;
				CLANG_WARN_EMPTY_BODY = YES;
				CLANG_WARN_ENUM_CONVERSION = YES;
				CLANG_WARN_INT_CONVERSION = YES;
				CLANG_WARN_OBJC_ROOT_CLASS = YES_ERROR;
				CLANG_WARN_UNREACHABLE_CODE = YES;
				CLANG_WARN__DUPLICATE_METHOD_MATCH = YES;
				"CODE_SIGN_IDENTITY[sdk=iphoneos*]" = "iPhone Developer";
				COPY_PHASE_STRIP = NO;
				DEBUG_INFORMATION_FORMAT = dwarf;
				ENABLE_STRICT_OBJC_MSGSEND = YES;
				ENABLE_TESTABILITY = YES;
				GCC_C_LANGUAGE_STANDARD = gnu99;
				GCC_DYNAMIC_NO_PIC = NO;
				GCC_NO_COMMON_BLOCKS = YES;
				GCC_OPTIMIZATION_LEVEL = 0;
				GCC_PREPROCESSOR_DEFINITIONS = (
					"DEBUG=1",
					"$(inherited)",
				);
				GCC_WARN_64_TO_32_BIT_CONVERSION = YES;
				GCC_WARN_ABOUT_RETURN_TYPE = YES_ERROR;
				GCC_WARN_UNDECLARED_SELECTOR = YES;
				GCC_WARN_UNINITIALIZED_AUTOS = YES_AGGRESSIVE;
				GCC_WARN_UNUSED_FUNCTION = YES;
				GCC_WARN_UNUSED_VARIABLE = YES;
				IPHONEOS_DEPLOYMENT_TARGET = 8.0;
				MTL_ENABLE_DEBUG_INFO = YES;
				ONLY_ACTIVE_ARCH = YES;
				SDKROOT = iphoneos;
			};
			name = Debug;
		};
		25DD8FF81D5D7C6E001133C8 /* Release */ = {
			isa = XCBuildConfiguration;
			buildSettings = {
				ALWAYS_SEARCH_USER_PATHS = NO;
				CLANG_ANALYZER_NONNULL = YES;
				CLANG_CXX_LANGUAGE_STANDARD = "gnu++0x";
				CLANG_CXX_LIBRARY = "libc++";
				CLANG_ENABLE_MODULES = YES;
				CLANG_ENABLE_OBJC_ARC = YES;
				CLANG_WARN_BOOL_CONVERSION = YES;
				CLANG_WARN_CONSTANT_CONVERSION = YES;
				CLANG_WARN_DIRECT_OBJC_ISA_USAGE = YES_ERROR;
				CLANG_WARN_EMPTY_BODY = YES;
				CLANG_WARN_ENUM_CONVERSION = YES;
				CLANG_WARN_INT_CONVERSION = YES;
				CLANG_WARN_OBJC_ROOT_CLASS = YES_ERROR;
				CLANG_WARN_UNREACHABLE_CODE = YES;
				CLANG_WARN__DUPLICATE_METHOD_MATCH = YES;
				"CODE_SIGN_IDENTITY[sdk=iphoneos*]" = "iPhone Developer";
				COPY_PHASE_STRIP = NO;
				DEBUG_INFORMATION_FORMAT = "dwarf-with-dsym";
				ENABLE_NS_ASSERTIONS = NO;
				ENABLE_STRICT_OBJC_MSGSEND = YES;
				GCC_C_LANGUAGE_STANDARD = gnu99;
				GCC_NO_COMMON_BLOCKS = YES;
				GCC_WARN_64_TO_32_BIT_CONVERSION = YES;
				GCC_WARN_ABOUT_RETURN_TYPE = YES_ERROR;
				GCC_WARN_UNDECLARED_SELECTOR = YES;
				GCC_WARN_UNINITIALIZED_AUTOS = YES_AGGRESSIVE;
				GCC_WARN_UNUSED_FUNCTION = YES;
				GCC_WARN_UNUSED_VARIABLE = YES;
				IPHONEOS_DEPLOYMENT_TARGET = 8.0;
				MTL_ENABLE_DEBUG_INFO = NO;
				SDKROOT = iphoneos;
				VALIDATE_PRODUCT = YES;
			};
			name = Release;
		};
		25DD8FFA1D5D7C6E001133C8 /* Debug */ = {
			isa = XCBuildConfiguration;
			buildSettings = {
				ASSETCATALOG_COMPILER_APPICON_NAME = AppIcon;
				CLANG_ENABLE_MODULES = YES;
				DEFINES_MODULE = YES;
				INFOPLIST_FILE = "OC-Swift/Info.plist";
				IPHONEOS_DEPLOYMENT_TARGET = 8.0;
				LD_RUNPATH_SEARCH_PATHS = "$(inherited) @executable_path/Frameworks";
				PRODUCT_BUNDLE_IDENTIFIER = "com.zhaopin.newproject.OC-Swift";
				PRODUCT_NAME = "$(TARGET_NAME)";
				SWIFT_OBJC_BRIDGING_HEADER = "OC-Swift/OC-Swift-Bridging-Header.h";
				SWIFT_OPTIMIZATION_LEVEL = "-Onone";
			};
			name = Debug;
		};
		25DD8FFB1D5D7C6E001133C8 /* Release */ = {
			isa = XCBuildConfiguration;
			buildSettings = {
				ASSETCATALOG_COMPILER_APPICON_NAME = AppIcon;
				CLANG_ENABLE_MODULES = YES;
				DEFINES_MODULE = YES;
				INFOPLIST_FILE = "OC-Swift/Info.plist";
				IPHONEOS_DEPLOYMENT_TARGET = 8.0;
				LD_RUNPATH_SEARCH_PATHS = "$(inherited) @executable_path/Frameworks";
				PRODUCT_BUNDLE_IDENTIFIER = "com.zhaopin.newproject.OC-Swift";
				PRODUCT_NAME = "$(TARGET_NAME)";
				SWIFT_OBJC_BRIDGING_HEADER = "OC-Swift/OC-Swift-Bridging-Header.h";
			};
			name = Release;
		};
/* End XCBuildConfiguration section */

/* Begin XCConfigurationList section */
		25DD8FDD1D5D7C6E001133C8 /* Build configuration list for PBXProject "OC-Swift" */ = {
			isa = XCConfigurationList;
			buildConfigurations = (
				25DD8FF71D5D7C6E001133C8 /* Debug */,
				25DD8FF81D5D7C6E001133C8 /* Release */,
			);
			defaultConfigurationIsVisible = 0;
			defaultConfigurationName = Release;
		};
		25DD8FF91D5D7C6E001133C8 /* Build configuration list for PBXNativeTarget "OC-Swift" */ = {
			isa = XCConfigurationList;
			buildConfigurations = (
				25DD8FFA1D5D7C6E001133C8 /* Debug */,
				25DD8FFB1D5D7C6E001133C8 /* Release */,
			);
			defaultConfigurationIsVisible = 0;
		};
/* End XCConfigurationList section */
	};
	rootObject = 25DD8FDA1D5D7C6E001133C8 /* Project object */;
}
